PODS:
  - ar_location_view (0.0.1):
    - Flutter
  - camera_avfoundation (0.0.1):
    - Flutter
  - Flutter (1.0.0)
  - geolocator_apple (1.2.0):
    - Flutter
    - FlutterMacOS
  - native_device_orientation (0.0.1):
    - Flutter
  - package_info_plus (0.4.5):
    - Flutter
  - permission_handler_apple (9.3.0):
    - Flutter
  - sensors_plus (0.0.1):
    - Flutter

DEPENDENCIES:
  - ar_location_view (from `.symlinks/plugins/ar_location_view/ios`)
  - camera_avfoundation (from `.symlinks/plugins/camera_avfoundation/ios`)
  - Flutter (from `Flutter`)
  - geolocator_apple (from `.symlinks/plugins/geolocator_apple/darwin`)
  - native_device_orientation (from `.symlinks/plugins/native_device_orientation/ios`)
  - package_info_plus (from `.symlinks/plugins/package_info_plus/ios`)
  - permission_handler_apple (from `.symlinks/plugins/permission_handler_apple/ios`)
  - sensors_plus (from `.symlinks/plugins/sensors_plus/ios`)

EXTERNAL SOURCES:
  ar_location_view:
    :path: ".symlinks/plugins/ar_location_view/ios"
  camera_avfoundation:
    :path: ".symlinks/plugins/camera_avfoundation/ios"
  Flutter:
    :path: Flutter
  geolocator_apple:
    :path: ".symlinks/plugins/geolocator_apple/darwin"
  native_device_orientation:
    :path: ".symlinks/plugins/native_device_orientation/ios"
  package_info_plus:
    :path: ".symlinks/plugins/package_info_plus/ios"
  permission_handler_apple:
    :path: ".symlinks/plugins/permission_handler_apple/ios"
  sensors_plus:
    :path: ".symlinks/plugins/sensors_plus/ios"

SPEC CHECKSUMS:
  ar_location_view: 6eb3f5a2c05973560c23a3ccb7bfea7efd7271f0
  camera_avfoundation: 968a9a5323c79a99c166ad9d7866bfd2047b5a9b
  Flutter: cabc95a1d2626b1b06e7179b784ebcf0c0cde467
  geolocator_apple: ab36aa0e8b7d7a2d7639b3b4e48308394e8cef5e
  native_device_orientation: f3ba5f2ddbab3deee23a5f6693b4f97b02dafea2
  package_info_plus: af8e2ca6888548050f16fa2f1938db7b5a5df499
  permission_handler_apple: 4ed2196e43d0651e8ff7ca3483a069d469701f2d
  sensors_plus: 6a11ed0c2e1d0bd0b20b4029d3bad27d96e0c65b

PODFILE CHECKSUM: 28cad0567a2d69c23c074fc5839fd0b84dab3537

COCOAPODS: 1.16.2
